
Microsoft Visual Studio Solution File, Format Version 12.00
# Visual Studio Version 17
VisualStudioVersion = 17.11.35327.3
MinimumVisualStudioVersion = 10.0.40219.1
Project("{8BC9CEB8-8B4A-11D0-8D11-00A0C91BC942}") = "Practic12.2", "Practic12.2.vcxproj", "{64A24833-E1EF-41B4-8229-789800D7F239}"
EndProject
Global
	GlobalSection(SolutionConfigurationPlatforms) = preSolution
		Debug|x64 = Debug|x64
		Debug|x86 = Debug|x86
		Release|x64 = Release|x64
		Release|x86 = Release|x86
	EndGlobalSection
	GlobalSection(ProjectConfigurationPlatforms) = postSolution
		{64A24833-E1EF-41B4-8229-789800D7F239}.Debug|x64.ActiveCfg = Debug|x64
		{64A24833-E1EF-41B4-8229-789800D7F239}.Debug|x64.Build.0 = Debug|x64
		{64A24833-E1EF-41B4-8229-789800D7F239}.Debug|x86.ActiveCfg = Debug|Win32
		{64A24833-E1EF-41B4-8229-789800D7F239}.Debug|x86.Build.0 = Debug|Win32
		{64A24833-E1EF-41B4-8229-789800D7F239}.Release|x64.ActiveCfg = Release|x64
		{64A24833-E1EF-41B4-8229-789800D7F239}.Release|x64.Build.0 = Release|x64
		{64A24833-E1EF-41B4-8229-789800D7F239}.Release|x86.ActiveCfg = Release|Win32
		{64A24833-E1EF-41B4-8229-789800D7F239}.Release|x86.Build.0 = Release|Win32
	EndGlobalSection
	GlobalSection(SolutionProperties) = preSolution
		HideSolutionNode = FALSE
	EndGlobalSection
	GlobalSection(ExtensibilityGlobals) = postSolution
		SolutionGuid = {792B519B-C06B-4713-9862-338FF483CB4D}
	EndGlobalSection
EndGlobal
